%{"httpotion": {:git, "https://github.com/myfreeweb/httpotion.git", "8976a71f91e9816a03b9f1d191234b0a87c4f1dd", []},
  "ibrowse": {:git, "git://github.com/cmullaparthi/ibrowse.git", "d2e369ff42666c3574b8b7ec26f69027895c4d94", [tag: "v4.1.1"]},
  "json": {:git, "git://github.com/cblage/elixir-json.git", "0b2839d6300b3a872f2aa3c1062fb5f3322fddbf", []}}
