[ "httpotion": {:git, "https://github.com/myfreeweb/httpotion.git", "ee3cd8ad5630b20b236c0076c59e04fef973adbb", []},
  "ibrowse": {:git, "git://github.com/cmullaparthi/ibrowse.git", "bbad869ea595c594912cf71fbd622aa80577c8f6", []},
  "json": {:git, "git://github.com/cblage/elixir-json.git", "9b55d6439ce61d7712a1218766c5cfffe011d070", []} ]
